
Microsoft Visual Studio Solution File, Format Version 12.00
# Visual Studio Express 2013 for Web
VisualStudioVersion = 12.0.21005.1
MinimumVisualStudioVersion = 10.0.40219.1
Project("{2150E333-8FDC-42A3-9474-1A3956D46DE8}") = "application", "application", "{A6C8E01B-8688-4D61-AACF-E045B9BC68C6}"
EndProject
Project("{2150E333-8FDC-42A3-9474-1A3956D46DE8}") = "application.server", "application.server", "{BD52AC3F-EF8B-4D0A-8542-8BD24367385C}"
EndProject
Project("{2150E333-8FDC-42A3-9474-1A3956D46DE8}") = "domain", "domain", "{021BF9C2-BF34-492B-88D5-192162B63FE4}"
EndProject
Project("{2150E333-8FDC-42A3-9474-1A3956D46DE8}") = "service", "service", "{1FBDE8AA-3FC4-4A9F-A373-87883894B4DF}"
EndProject
Project("{2150E333-8FDC-42A3-9474-1A3956D46DE8}") = "crosscut", "crosscut", "{0C7DBB41-D410-47F4-9457-A30932FF94F2}"
EndProject
Project("{2150E333-8FDC-42A3-9474-1A3956D46DE8}") = "infrastructure", "infrastructure", "{5B408BB2-D4AC-4E37-856D-048127414AB7}"
EndProject
Project("{FAE04EC0-301F-11D3-BF4B-00C04F79EFBC}") = "xcal.application.server.web.prod", "xcal.application.server.web.prod\xcal.application.server.web.prod.csproj", "{8C94493C-F1AD-405C-894E-5E1C44EE4965}"
EndProject
Project("{FAE04EC0-301F-11D3-BF4B-00C04F79EFBC}") = "xcal.application.server.web.dev", "xcal.application.server.web.dev\xcal.application.server.web.dev.csproj", "{A3803476-A968-41BA-86E9-AE456E8E3558}"
EndProject
Project("{FAE04EC0-301F-11D3-BF4B-00C04F79EFBC}") = "xcal.application.server.web.hybrid", "xcal.application.server.web.hybrid\xcal.application.server.web.hybrid.csproj", "{47148FF0-D886-43B6-B7DF-BF5373C8D312}"
EndProject
Project("{FAE04EC0-301F-11D3-BF4B-00C04F79EFBC}") = "xcal.domain.contracts", "xcal.domain.contracts\xcal.domain.contracts.csproj", "{5CC7E3D9-702B-45A3-A413-A07D010C2651}"
EndProject
Project("{FAE04EC0-301F-11D3-BF4B-00C04F79EFBC}") = "xcal.domain.models", "xcal.domain.models\xcal.domain.models.csproj", "{5B708E08-1F69-4FDE-9D99-AFA3784A49D7}"
EndProject
Project("{FAE04EC0-301F-11D3-BF4B-00C04F79EFBC}") = "xcal.domain.operations", "xcal.domain.operations\xcal.domain.operations.csproj", "{06F6DD18-FE2B-47D1-9639-7926F29FB3A5}"
EndProject
Project("{FAE04EC0-301F-11D3-BF4B-00C04F79EFBC}") = "xcal.domain.extensions", "xcal.domain.extensions\xcal.domain.extensions.csproj", "{42829410-CF99-4F3D-999C-29B6AC810143}"
EndProject
Project("{FAE04EC0-301F-11D3-BF4B-00C04F79EFBC}") = "xcal.infrastructure.ormlite.extensions", "xcal.infrastructure.ormlite.extensions\xcal.infrastructure.ormlite.extensions.csproj", "{3346DB20-5077-4FC8-93EE-E4A590BCC1D0}"
EndProject
Project("{FAE04EC0-301F-11D3-BF4B-00C04F79EFBC}") = "xcal.infrastructure.redis.extensions", "xcal.infrastructure.redis.extensions\xcal.infrastructure.redis.extensions.csproj", "{B4A2596A-5689-4EC9-BD01-0B2FF4453DAD}"
EndProject
Project("{FAE04EC0-301F-11D3-BF4B-00C04F79EFBC}") = "xcal.service.interfaces", "xcal.service.interfaces\xcal.service.interfaces.csproj", "{0B922294-6A3F-4232-A150-CAC6BFC7BCFD}"
EndProject
Project("{FAE04EC0-301F-11D3-BF4B-00C04F79EFBC}") = "xcal.service.repositories.contracts", "xcal.service.repositories.contracts\xcal.service.repositories.contracts.csproj", "{1898784A-99B2-4226-8C33-689EA6558CFA}"
EndProject
Project("{FAE04EC0-301F-11D3-BF4B-00C04F79EFBC}") = "xcal.service.repositories.concretes", "xcal.service.repositories.concretes\xcal.service.repositories.concretes.csproj", "{17322A2E-E311-41BD-9070-6146842A46C3}"
EndProject
Project("{FAE04EC0-301F-11D3-BF4B-00C04F79EFBC}") = "crosscut.io", "crosscut.io\crosscut.io.csproj", "{8C731AF7-0991-4E6E-8049-9EF9D107A0B4}"
EndProject
Project("{FAE04EC0-301F-11D3-BF4B-00C04F79EFBC}") = "crosscut.security", "crosscut.security\crosscut.security.csproj", "{E307C223-9021-45BE-A261-DAF43F31B354}"
EndProject
Project("{FAE04EC0-301F-11D3-BF4B-00C04F79EFBC}") = "crosscut.goodies", "crosscut.goodies\crosscut.goodies.csproj", "{F21CB427-5DD9-41B2-A993-17CD8085535A}"
EndProject
Global
	GlobalSection(SolutionConfigurationPlatforms) = preSolution
		Debug|Any CPU = Debug|Any CPU
		Release|Any CPU = Release|Any CPU
	EndGlobalSection
	GlobalSection(ProjectConfigurationPlatforms) = postSolution
		{8C94493C-F1AD-405C-894E-5E1C44EE4965}.Debug|Any CPU.ActiveCfg = Debug|Any CPU
		{8C94493C-F1AD-405C-894E-5E1C44EE4965}.Debug|Any CPU.Build.0 = Debug|Any CPU
		{8C94493C-F1AD-405C-894E-5E1C44EE4965}.Release|Any CPU.ActiveCfg = Release|Any CPU
		{8C94493C-F1AD-405C-894E-5E1C44EE4965}.Release|Any CPU.Build.0 = Release|Any CPU
		{A3803476-A968-41BA-86E9-AE456E8E3558}.Debug|Any CPU.ActiveCfg = Debug|Any CPU
		{A3803476-A968-41BA-86E9-AE456E8E3558}.Debug|Any CPU.Build.0 = Debug|Any CPU
		{A3803476-A968-41BA-86E9-AE456E8E3558}.Release|Any CPU.ActiveCfg = Release|Any CPU
		{A3803476-A968-41BA-86E9-AE456E8E3558}.Release|Any CPU.Build.0 = Release|Any CPU
		{47148FF0-D886-43B6-B7DF-BF5373C8D312}.Debug|Any CPU.ActiveCfg = Debug|Any CPU
		{47148FF0-D886-43B6-B7DF-BF5373C8D312}.Debug|Any CPU.Build.0 = Debug|Any CPU
		{47148FF0-D886-43B6-B7DF-BF5373C8D312}.Release|Any CPU.ActiveCfg = Release|Any CPU
		{47148FF0-D886-43B6-B7DF-BF5373C8D312}.Release|Any CPU.Build.0 = Release|Any CPU
		{5CC7E3D9-702B-45A3-A413-A07D010C2651}.Debug|Any CPU.ActiveCfg = Debug|Any CPU
		{5CC7E3D9-702B-45A3-A413-A07D010C2651}.Debug|Any CPU.Build.0 = Debug|Any CPU
		{5CC7E3D9-702B-45A3-A413-A07D010C2651}.Release|Any CPU.ActiveCfg = Release|Any CPU
		{5CC7E3D9-702B-45A3-A413-A07D010C2651}.Release|Any CPU.Build.0 = Release|Any CPU
		{5B708E08-1F69-4FDE-9D99-AFA3784A49D7}.Debug|Any CPU.ActiveCfg = Debug|Any CPU
		{5B708E08-1F69-4FDE-9D99-AFA3784A49D7}.Debug|Any CPU.Build.0 = Debug|Any CPU
		{5B708E08-1F69-4FDE-9D99-AFA3784A49D7}.Release|Any CPU.ActiveCfg = Release|Any CPU
		{5B708E08-1F69-4FDE-9D99-AFA3784A49D7}.Release|Any CPU.Build.0 = Release|Any CPU
		{06F6DD18-FE2B-47D1-9639-7926F29FB3A5}.Debug|Any CPU.ActiveCfg = Debug|Any CPU
		{06F6DD18-FE2B-47D1-9639-7926F29FB3A5}.Debug|Any CPU.Build.0 = Debug|Any CPU
		{06F6DD18-FE2B-47D1-9639-7926F29FB3A5}.Release|Any CPU.ActiveCfg = Release|Any CPU
		{06F6DD18-FE2B-47D1-9639-7926F29FB3A5}.Release|Any CPU.Build.0 = Release|Any CPU
		{42829410-CF99-4F3D-999C-29B6AC810143}.Debug|Any CPU.ActiveCfg = Debug|Any CPU
		{42829410-CF99-4F3D-999C-29B6AC810143}.Debug|Any CPU.Build.0 = Debug|Any CPU
		{42829410-CF99-4F3D-999C-29B6AC810143}.Release|Any CPU.ActiveCfg = Release|Any CPU
		{42829410-CF99-4F3D-999C-29B6AC810143}.Release|Any CPU.Build.0 = Release|Any CPU
		{3346DB20-5077-4FC8-93EE-E4A590BCC1D0}.Debug|Any CPU.ActiveCfg = Debug|Any CPU
		{3346DB20-5077-4FC8-93EE-E4A590BCC1D0}.Debug|Any CPU.Build.0 = Debug|Any CPU
		{3346DB20-5077-4FC8-93EE-E4A590BCC1D0}.Release|Any CPU.ActiveCfg = Release|Any CPU
		{3346DB20-5077-4FC8-93EE-E4A590BCC1D0}.Release|Any CPU.Build.0 = Release|Any CPU
		{B4A2596A-5689-4EC9-BD01-0B2FF4453DAD}.Debug|Any CPU.ActiveCfg = Debug|Any CPU
		{B4A2596A-5689-4EC9-BD01-0B2FF4453DAD}.Debug|Any CPU.Build.0 = Debug|Any CPU
		{B4A2596A-5689-4EC9-BD01-0B2FF4453DAD}.Release|Any CPU.ActiveCfg = Release|Any CPU
		{B4A2596A-5689-4EC9-BD01-0B2FF4453DAD}.Release|Any CPU.Build.0 = Release|Any CPU
		{0B922294-6A3F-4232-A150-CAC6BFC7BCFD}.Debug|Any CPU.ActiveCfg = Debug|Any CPU
		{0B922294-6A3F-4232-A150-CAC6BFC7BCFD}.Debug|Any CPU.Build.0 = Debug|Any CPU
		{0B922294-6A3F-4232-A150-CAC6BFC7BCFD}.Release|Any CPU.ActiveCfg = Release|Any CPU
		{0B922294-6A3F-4232-A150-CAC6BFC7BCFD}.Release|Any CPU.Build.0 = Release|Any CPU
		{1898784A-99B2-4226-8C33-689EA6558CFA}.Debug|Any CPU.ActiveCfg = Debug|Any CPU
		{1898784A-99B2-4226-8C33-689EA6558CFA}.Debug|Any CPU.Build.0 = Debug|Any CPU
		{1898784A-99B2-4226-8C33-689EA6558CFA}.Release|Any CPU.ActiveCfg = Release|Any CPU
		{1898784A-99B2-4226-8C33-689EA6558CFA}.Release|Any CPU.Build.0 = Release|Any CPU
		{17322A2E-E311-41BD-9070-6146842A46C3}.Debug|Any CPU.ActiveCfg = Debug|Any CPU
		{17322A2E-E311-41BD-9070-6146842A46C3}.Debug|Any CPU.Build.0 = Debug|Any CPU
		{17322A2E-E311-41BD-9070-6146842A46C3}.Release|Any CPU.ActiveCfg = Release|Any CPU
		{17322A2E-E311-41BD-9070-6146842A46C3}.Release|Any CPU.Build.0 = Release|Any CPU
		{8C731AF7-0991-4E6E-8049-9EF9D107A0B4}.Debug|Any CPU.ActiveCfg = Debug|Any CPU
		{8C731AF7-0991-4E6E-8049-9EF9D107A0B4}.Debug|Any CPU.Build.0 = Debug|Any CPU
		{8C731AF7-0991-4E6E-8049-9EF9D107A0B4}.Release|Any CPU.ActiveCfg = Release|Any CPU
		{8C731AF7-0991-4E6E-8049-9EF9D107A0B4}.Release|Any CPU.Build.0 = Release|Any CPU
		{E307C223-9021-45BE-A261-DAF43F31B354}.Debug|Any CPU.ActiveCfg = Debug|Any CPU
		{E307C223-9021-45BE-A261-DAF43F31B354}.Debug|Any CPU.Build.0 = Debug|Any CPU
		{E307C223-9021-45BE-A261-DAF43F31B354}.Release|Any CPU.ActiveCfg = Release|Any CPU
		{E307C223-9021-45BE-A261-DAF43F31B354}.Release|Any CPU.Build.0 = Release|Any CPU
		{F21CB427-5DD9-41B2-A993-17CD8085535A}.Debug|Any CPU.ActiveCfg = Debug|Any CPU
		{F21CB427-5DD9-41B2-A993-17CD8085535A}.Debug|Any CPU.Build.0 = Debug|Any CPU
		{F21CB427-5DD9-41B2-A993-17CD8085535A}.Release|Any CPU.ActiveCfg = Release|Any CPU
		{F21CB427-5DD9-41B2-A993-17CD8085535A}.Release|Any CPU.Build.0 = Release|Any CPU
	EndGlobalSection
	GlobalSection(SolutionProperties) = preSolution
		HideSolutionNode = FALSE
	EndGlobalSection
	GlobalSection(NestedProjects) = preSolution
		{BD52AC3F-EF8B-4D0A-8542-8BD24367385C} = {A6C8E01B-8688-4D61-AACF-E045B9BC68C6}
		{8C94493C-F1AD-405C-894E-5E1C44EE4965} = {BD52AC3F-EF8B-4D0A-8542-8BD24367385C}
		{A3803476-A968-41BA-86E9-AE456E8E3558} = {BD52AC3F-EF8B-4D0A-8542-8BD24367385C}
		{47148FF0-D886-43B6-B7DF-BF5373C8D312} = {BD52AC3F-EF8B-4D0A-8542-8BD24367385C}
		{5CC7E3D9-702B-45A3-A413-A07D010C2651} = {021BF9C2-BF34-492B-88D5-192162B63FE4}
		{5B708E08-1F69-4FDE-9D99-AFA3784A49D7} = {021BF9C2-BF34-492B-88D5-192162B63FE4}
		{06F6DD18-FE2B-47D1-9639-7926F29FB3A5} = {021BF9C2-BF34-492B-88D5-192162B63FE4}
		{42829410-CF99-4F3D-999C-29B6AC810143} = {021BF9C2-BF34-492B-88D5-192162B63FE4}
		{0B922294-6A3F-4232-A150-CAC6BFC7BCFD} = {1FBDE8AA-3FC4-4A9F-A373-87883894B4DF}
		{1898784A-99B2-4226-8C33-689EA6558CFA} = {1FBDE8AA-3FC4-4A9F-A373-87883894B4DF}
		{17322A2E-E311-41BD-9070-6146842A46C3} = {1FBDE8AA-3FC4-4A9F-A373-87883894B4DF}
		{8C731AF7-0991-4E6E-8049-9EF9D107A0B4} = {0C7DBB41-D410-47F4-9457-A30932FF94F2}
		{E307C223-9021-45BE-A261-DAF43F31B354} = {0C7DBB41-D410-47F4-9457-A30932FF94F2}
		{F21CB427-5DD9-41B2-A993-17CD8085535A} = {0C7DBB41-D410-47F4-9457-A30932FF94F2}
		{3346DB20-5077-4FC8-93EE-E4A590BCC1D0} = {5B408BB2-D4AC-4E37-856D-048127414AB7}
		{B4A2596A-5689-4EC9-BD01-0B2FF4453DAD} = {5B408BB2-D4AC-4E37-856D-048127414AB7}
	EndGlobalSection
EndGlobal
