
Microsoft Visual Studio Solution File, Format Version 12.00
# Visual Studio 2013
VisualStudioVersion = 12.0.31101.0
MinimumVisualStudioVersion = 10.0.40219.1
Project("{2150E333-8FDC-42A3-9474-1A3956D46DE8}") = "application", "application", "{A6C8E01B-8688-4D61-AACF-E045B9BC68C6}"
EndProject
Project("{2150E333-8FDC-42A3-9474-1A3956D46DE8}") = "domain", "domain", "{021BF9C2-BF34-492B-88D5-192162B63FE4}"
EndProject
Project("{2150E333-8FDC-42A3-9474-1A3956D46DE8}") = "service", "service", "{1FBDE8AA-3FC4-4A9F-A373-87883894B4DF}"
EndProject
Project("{2150E333-8FDC-42A3-9474-1A3956D46DE8}") = "crosscut", "crosscut", "{0C7DBB41-D410-47F4-9457-A30932FF94F2}"
EndProject
Project("{2150E333-8FDC-42A3-9474-1A3956D46DE8}") = "test", "test", "{994ADDCE-FC85-436E-8F9A-FCCE54BE307C}"
EndProject
Project("{FAE04EC0-301F-11D3-BF4B-00C04F79EFBC}") = "xcal.application.server.web.local", "xcal.application.server.web.local\xcal.application.server.web.local.csproj", "{22781B88-7BD4-4A97-B67D-3854AFBF6452}"
EndProject
Project("{2150E333-8FDC-42A3-9474-1A3956D46DE8}") = "technical", "technical", "{8BE1181E-82DB-40AA-AD97-55D179513F29}"
EndProject
Project("{FAE04EC0-301F-11D3-BF4B-00C04F79EFBC}") = "xcal.service.repositories.concretes", "xcal.service.repositories.concretes\xcal.service.repositories.concretes.csproj", "{17322A2E-E311-41BD-9070-6146842A46C3}"
EndProject
Project("{FAE04EC0-301F-11D3-BF4B-00C04F79EFBC}") = "xcal.service.repositories.contracts", "xcal.service.repositories.contracts\xcal.service.repositories.contracts.csproj", "{1898784A-99B2-4226-8C33-689EA6558CFA}"
EndProject
Project("{FAE04EC0-301F-11D3-BF4B-00C04F79EFBC}") = "crosscut.security.concretes", "crosscut.security.concretes\crosscut.security.concretes.csproj", "{E307C223-9021-45BE-A261-DAF43F31B354}"
EndProject
Project("{FAE04EC0-301F-11D3-BF4B-00C04F79EFBC}") = "xcal.service.validators.concretes", "xcal.service.validators.concretes\xcal.service.validators.concretes.csproj", "{2CCD1317-B13C-4372-B14F-CE7128103F5C}"
EndProject
Project("{FAE04EC0-301F-11D3-BF4B-00C04F79EFBC}") = "xcal.service.interfaces.concretes", "xcal.service.interfaces.concretes\xcal.service.interfaces.concretes.csproj", "{0B922294-6A3F-4232-A150-CAC6BFC7BCFD}"
EndProject
Project("{FAE04EC0-301F-11D3-BF4B-00C04F79EFBC}") = "xcal.service.interfaces.contracts", "xcal.service.interfaces.contracts\xcal.service.interfaces.contracts.csproj", "{0F139102-92D0-4D11-8A18-49757609CCBF}"
EndProject
Project("{FAE04EC0-301F-11D3-BF4B-00C04F79EFBC}") = "technical.data.concretes", "technical.data.concretes\technical.data.concretes.csproj", "{B4A2596A-5689-4EC9-BD01-0B2FF4453DAD}"
EndProject
Project("{FAE04EC0-301F-11D3-BF4B-00C04F79EFBC}") = "technical.data.contracts", "technical.data.contracts\technical.data.contracts.csproj", "{3346DB20-5077-4FC8-93EE-E4A590BCC1D0}"
EndProject
Project("{FAE04EC0-301F-11D3-BF4B-00C04F79EFBC}") = "xcal.service.formats.concretes", "xcal.service.formats.concretes\xcal.service.formats.concretes.csproj", "{7496B2C6-BD7E-44A9-9C33-02CD399F0DE0}"
EndProject
Project("{FAE04EC0-301F-11D3-BF4B-00C04F79EFBC}") = "xcal.application.server.web.local.test", "xcal.application.server.web.local.test\xcal.application.server.web.local.test.csproj", "{1C1D065E-D5E0-4024-89CB-B1F36F7D8422}"
EndProject
Project("{2150E333-8FDC-42A3-9474-1A3956D46DE8}") = "infrastructure", "infrastructure", "{57DFE50F-32F3-47B6-83C6-499DFBFCB813}"
EndProject
Project("{2150E333-8FDC-42A3-9474-1A3956D46DE8}") = "foundation", "foundation", "{9E017085-A673-48B0-BBAC-27E3AE0621E3}"
EndProject
Project("{FAE04EC0-301F-11D3-BF4B-00C04F79EFBC}") = "infrastructure.concretes", "infrastructure.concretes\infrastructure.concretes.csproj", "{9B9036F7-C547-43D3-B1EC-BB0C5965DC12}"
EndProject
Project("{FAE04EC0-301F-11D3-BF4B-00C04F79EFBC}") = "foundation.essentials.concretes", "foundation.essentials.concretes\foundation.essentials.concretes.csproj", "{EEDF1367-A0FC-400A-A649-716261252B9E}"
EndProject
Project("{FAE04EC0-301F-11D3-BF4B-00C04F79EFBC}") = "foundation.essentials.contracts", "foundation.essentials.contracts\foundation.essentials.contracts.csproj", "{0188BE5C-BAFA-4FAC-B068-11DCF7CD918E}"
EndProject
Project("{FAE04EC0-301F-11D3-BF4B-00C04F79EFBC}") = "crosscut.operations.concretes", "crosscut.operations.concretes\crosscut.operations.concretes.csproj", "{F21CB427-5DD9-41B2-A993-17CD8085535A}"
EndProject
Project("{FAE04EC0-301F-11D3-BF4B-00C04F79EFBC}") = "crosscut.operations.contracts", "crosscut.operations.contracts\crosscut.operations.contracts.csproj", "{4117DC99-EA03-4B8F-A808-368FEAA3C5F2}"
EndProject
Project("{FAE04EC0-301F-11D3-BF4B-00C04F79EFBC}") = "infrastructure.contracts", "infrastructure.contracts\infrastructure.contracts.csproj", "{82ED5F70-E1D9-456E-8686-C59306312726}"
EndProject
Project("{FAE04EC0-301F-11D3-BF4B-00C04F79EFBC}") = "xcal.domain", "xcal.domain\xcal.domain.csproj", "{5B708E08-1F69-4FDE-9D99-AFA3784A49D7}"
EndProject
Project("{FAE04EC0-301F-11D3-BF4B-00C04F79EFBC}") = "xcal.service.clients.concretes", "xcal.service.clients.concretes\xcal.service.clients.concretes.csproj", "{02949545-ACCB-4213-B9FB-17537B2C3AB5}"
EndProject
Project("{FAE04EC0-301F-11D3-BF4B-00C04F79EFBC}") = "xcal.application.server.web.dev1", "xcal.application.server.web.dev1\xcal.application.server.web.dev1.csproj", "{E923F702-C33B-4958-A9C9-C43542CCD6DB}"
EndProject
Project("{FAE04EC0-301F-11D3-BF4B-00C04F79EFBC}") = "xcal.application.server.web.prod1", "xcal.application.server.web.prod1\xcal.application.server.web.prod1.csproj", "{2CA95C26-3EA5-4CEB-B27F-BD538814031D}"
EndProject
Project("{FAE04EC0-301F-11D3-BF4B-00C04F79EFBC}") = "xcal.application.server.web.dev2", "xcal.application.server.web.dev2\xcal.application.server.web.dev2.csproj", "{CFA48312-8E02-43E4-8F17-92DC290CEC5B}"
EndProject
Project("{FAE04EC0-301F-11D3-BF4B-00C04F79EFBC}") = "xcal.application.server.web.prod2", "xcal.application.server.web.prod2\xcal.application.server.web.prod2.csproj", "{F8C94EA7-B173-4FFA-94B8-2B69AD6BE7CD}"
EndProject
Global
	GlobalSection(CodealikeProperties) = postSolution
		SolutionGuid = 077bc862-20a3-4756-bee0-28fba634032e
	EndGlobalSection
	GlobalSection(SolutionConfigurationPlatforms) = preSolution
		Debug|Any CPU = Debug|Any CPU
		Release|Any CPU = Release|Any CPU
	EndGlobalSection
	GlobalSection(ProjectConfigurationPlatforms) = postSolution
		{22781B88-7BD4-4A97-B67D-3854AFBF6452}.Debug|Any CPU.ActiveCfg = Debug|Any CPU
		{22781B88-7BD4-4A97-B67D-3854AFBF6452}.Debug|Any CPU.Build.0 = Debug|Any CPU
		{22781B88-7BD4-4A97-B67D-3854AFBF6452}.Release|Any CPU.ActiveCfg = Release|Any CPU
		{22781B88-7BD4-4A97-B67D-3854AFBF6452}.Release|Any CPU.Build.0 = Release|Any CPU
		{17322A2E-E311-41BD-9070-6146842A46C3}.Debug|Any CPU.ActiveCfg = Debug|Any CPU
		{17322A2E-E311-41BD-9070-6146842A46C3}.Debug|Any CPU.Build.0 = Debug|Any CPU
		{17322A2E-E311-41BD-9070-6146842A46C3}.Release|Any CPU.ActiveCfg = Release|Any CPU
		{17322A2E-E311-41BD-9070-6146842A46C3}.Release|Any CPU.Build.0 = Release|Any CPU
		{1898784A-99B2-4226-8C33-689EA6558CFA}.Debug|Any CPU.ActiveCfg = Debug|Any CPU
		{1898784A-99B2-4226-8C33-689EA6558CFA}.Debug|Any CPU.Build.0 = Debug|Any CPU
		{1898784A-99B2-4226-8C33-689EA6558CFA}.Release|Any CPU.ActiveCfg = Release|Any CPU
		{1898784A-99B2-4226-8C33-689EA6558CFA}.Release|Any CPU.Build.0 = Release|Any CPU
		{E307C223-9021-45BE-A261-DAF43F31B354}.Debug|Any CPU.ActiveCfg = Debug|Any CPU
		{E307C223-9021-45BE-A261-DAF43F31B354}.Debug|Any CPU.Build.0 = Debug|Any CPU
		{E307C223-9021-45BE-A261-DAF43F31B354}.Release|Any CPU.ActiveCfg = Release|Any CPU
		{E307C223-9021-45BE-A261-DAF43F31B354}.Release|Any CPU.Build.0 = Release|Any CPU
		{2CCD1317-B13C-4372-B14F-CE7128103F5C}.Debug|Any CPU.ActiveCfg = Debug|Any CPU
		{2CCD1317-B13C-4372-B14F-CE7128103F5C}.Debug|Any CPU.Build.0 = Debug|Any CPU
		{2CCD1317-B13C-4372-B14F-CE7128103F5C}.Release|Any CPU.ActiveCfg = Release|Any CPU
		{2CCD1317-B13C-4372-B14F-CE7128103F5C}.Release|Any CPU.Build.0 = Release|Any CPU
		{0B922294-6A3F-4232-A150-CAC6BFC7BCFD}.Debug|Any CPU.ActiveCfg = Debug|Any CPU
		{0B922294-6A3F-4232-A150-CAC6BFC7BCFD}.Debug|Any CPU.Build.0 = Debug|Any CPU
		{0B922294-6A3F-4232-A150-CAC6BFC7BCFD}.Release|Any CPU.ActiveCfg = Release|Any CPU
		{0B922294-6A3F-4232-A150-CAC6BFC7BCFD}.Release|Any CPU.Build.0 = Release|Any CPU
		{0F139102-92D0-4D11-8A18-49757609CCBF}.Debug|Any CPU.ActiveCfg = Debug|Any CPU
		{0F139102-92D0-4D11-8A18-49757609CCBF}.Debug|Any CPU.Build.0 = Debug|Any CPU
		{0F139102-92D0-4D11-8A18-49757609CCBF}.Release|Any CPU.ActiveCfg = Release|Any CPU
		{0F139102-92D0-4D11-8A18-49757609CCBF}.Release|Any CPU.Build.0 = Release|Any CPU
		{B4A2596A-5689-4EC9-BD01-0B2FF4453DAD}.Debug|Any CPU.ActiveCfg = Debug|Any CPU
		{B4A2596A-5689-4EC9-BD01-0B2FF4453DAD}.Debug|Any CPU.Build.0 = Debug|Any CPU
		{B4A2596A-5689-4EC9-BD01-0B2FF4453DAD}.Release|Any CPU.ActiveCfg = Release|Any CPU
		{B4A2596A-5689-4EC9-BD01-0B2FF4453DAD}.Release|Any CPU.Build.0 = Release|Any CPU
		{3346DB20-5077-4FC8-93EE-E4A590BCC1D0}.Debug|Any CPU.ActiveCfg = Debug|Any CPU
		{3346DB20-5077-4FC8-93EE-E4A590BCC1D0}.Debug|Any CPU.Build.0 = Debug|Any CPU
		{3346DB20-5077-4FC8-93EE-E4A590BCC1D0}.Release|Any CPU.ActiveCfg = Release|Any CPU
		{3346DB20-5077-4FC8-93EE-E4A590BCC1D0}.Release|Any CPU.Build.0 = Release|Any CPU
		{7496B2C6-BD7E-44A9-9C33-02CD399F0DE0}.Debug|Any CPU.ActiveCfg = Debug|Any CPU
		{7496B2C6-BD7E-44A9-9C33-02CD399F0DE0}.Debug|Any CPU.Build.0 = Debug|Any CPU
		{7496B2C6-BD7E-44A9-9C33-02CD399F0DE0}.Release|Any CPU.ActiveCfg = Release|Any CPU
		{7496B2C6-BD7E-44A9-9C33-02CD399F0DE0}.Release|Any CPU.Build.0 = Release|Any CPU
		{1C1D065E-D5E0-4024-89CB-B1F36F7D8422}.Debug|Any CPU.ActiveCfg = Debug|Any CPU
		{1C1D065E-D5E0-4024-89CB-B1F36F7D8422}.Debug|Any CPU.Build.0 = Debug|Any CPU
		{1C1D065E-D5E0-4024-89CB-B1F36F7D8422}.Release|Any CPU.ActiveCfg = Release|Any CPU
		{1C1D065E-D5E0-4024-89CB-B1F36F7D8422}.Release|Any CPU.Build.0 = Release|Any CPU
		{9B9036F7-C547-43D3-B1EC-BB0C5965DC12}.Debug|Any CPU.ActiveCfg = Debug|Any CPU
		{9B9036F7-C547-43D3-B1EC-BB0C5965DC12}.Debug|Any CPU.Build.0 = Debug|Any CPU
		{9B9036F7-C547-43D3-B1EC-BB0C5965DC12}.Release|Any CPU.ActiveCfg = Release|Any CPU
		{9B9036F7-C547-43D3-B1EC-BB0C5965DC12}.Release|Any CPU.Build.0 = Release|Any CPU
		{EEDF1367-A0FC-400A-A649-716261252B9E}.Debug|Any CPU.ActiveCfg = Debug|Any CPU
		{EEDF1367-A0FC-400A-A649-716261252B9E}.Debug|Any CPU.Build.0 = Debug|Any CPU
		{EEDF1367-A0FC-400A-A649-716261252B9E}.Release|Any CPU.ActiveCfg = Release|Any CPU
		{EEDF1367-A0FC-400A-A649-716261252B9E}.Release|Any CPU.Build.0 = Release|Any CPU
		{0188BE5C-BAFA-4FAC-B068-11DCF7CD918E}.Debug|Any CPU.ActiveCfg = Debug|Any CPU
		{0188BE5C-BAFA-4FAC-B068-11DCF7CD918E}.Debug|Any CPU.Build.0 = Debug|Any CPU
		{0188BE5C-BAFA-4FAC-B068-11DCF7CD918E}.Release|Any CPU.ActiveCfg = Release|Any CPU
		{0188BE5C-BAFA-4FAC-B068-11DCF7CD918E}.Release|Any CPU.Build.0 = Release|Any CPU
		{F21CB427-5DD9-41B2-A993-17CD8085535A}.Debug|Any CPU.ActiveCfg = Debug|Any CPU
		{F21CB427-5DD9-41B2-A993-17CD8085535A}.Debug|Any CPU.Build.0 = Debug|Any CPU
		{F21CB427-5DD9-41B2-A993-17CD8085535A}.Release|Any CPU.ActiveCfg = Release|Any CPU
		{F21CB427-5DD9-41B2-A993-17CD8085535A}.Release|Any CPU.Build.0 = Release|Any CPU
		{4117DC99-EA03-4B8F-A808-368FEAA3C5F2}.Debug|Any CPU.ActiveCfg = Debug|Any CPU
		{4117DC99-EA03-4B8F-A808-368FEAA3C5F2}.Debug|Any CPU.Build.0 = Debug|Any CPU
		{4117DC99-EA03-4B8F-A808-368FEAA3C5F2}.Release|Any CPU.ActiveCfg = Release|Any CPU
		{4117DC99-EA03-4B8F-A808-368FEAA3C5F2}.Release|Any CPU.Build.0 = Release|Any CPU
		{82ED5F70-E1D9-456E-8686-C59306312726}.Debug|Any CPU.ActiveCfg = Debug|Any CPU
		{82ED5F70-E1D9-456E-8686-C59306312726}.Debug|Any CPU.Build.0 = Debug|Any CPU
		{82ED5F70-E1D9-456E-8686-C59306312726}.Release|Any CPU.ActiveCfg = Release|Any CPU
		{82ED5F70-E1D9-456E-8686-C59306312726}.Release|Any CPU.Build.0 = Release|Any CPU
		{5B708E08-1F69-4FDE-9D99-AFA3784A49D7}.Debug|Any CPU.ActiveCfg = Debug|Any CPU
		{5B708E08-1F69-4FDE-9D99-AFA3784A49D7}.Debug|Any CPU.Build.0 = Debug|Any CPU
		{5B708E08-1F69-4FDE-9D99-AFA3784A49D7}.Release|Any CPU.ActiveCfg = Release|Any CPU
		{5B708E08-1F69-4FDE-9D99-AFA3784A49D7}.Release|Any CPU.Build.0 = Release|Any CPU
		{02949545-ACCB-4213-B9FB-17537B2C3AB5}.Debug|Any CPU.ActiveCfg = Debug|Any CPU
		{02949545-ACCB-4213-B9FB-17537B2C3AB5}.Debug|Any CPU.Build.0 = Debug|Any CPU
		{02949545-ACCB-4213-B9FB-17537B2C3AB5}.Release|Any CPU.ActiveCfg = Release|Any CPU
		{02949545-ACCB-4213-B9FB-17537B2C3AB5}.Release|Any CPU.Build.0 = Release|Any CPU
		{E923F702-C33B-4958-A9C9-C43542CCD6DB}.Debug|Any CPU.ActiveCfg = Debug|Any CPU
		{E923F702-C33B-4958-A9C9-C43542CCD6DB}.Debug|Any CPU.Build.0 = Debug|Any CPU
		{E923F702-C33B-4958-A9C9-C43542CCD6DB}.Release|Any CPU.ActiveCfg = Release|Any CPU
		{E923F702-C33B-4958-A9C9-C43542CCD6DB}.Release|Any CPU.Build.0 = Release|Any CPU
		{2CA95C26-3EA5-4CEB-B27F-BD538814031D}.Debug|Any CPU.ActiveCfg = Debug|Any CPU
		{2CA95C26-3EA5-4CEB-B27F-BD538814031D}.Debug|Any CPU.Build.0 = Debug|Any CPU
		{2CA95C26-3EA5-4CEB-B27F-BD538814031D}.Release|Any CPU.ActiveCfg = Release|Any CPU
		{2CA95C26-3EA5-4CEB-B27F-BD538814031D}.Release|Any CPU.Build.0 = Release|Any CPU
		{CFA48312-8E02-43E4-8F17-92DC290CEC5B}.Debug|Any CPU.ActiveCfg = Debug|Any CPU
		{CFA48312-8E02-43E4-8F17-92DC290CEC5B}.Debug|Any CPU.Build.0 = Debug|Any CPU
		{CFA48312-8E02-43E4-8F17-92DC290CEC5B}.Release|Any CPU.ActiveCfg = Release|Any CPU
		{CFA48312-8E02-43E4-8F17-92DC290CEC5B}.Release|Any CPU.Build.0 = Release|Any CPU
		{F8C94EA7-B173-4FFA-94B8-2B69AD6BE7CD}.Debug|Any CPU.ActiveCfg = Debug|Any CPU
		{F8C94EA7-B173-4FFA-94B8-2B69AD6BE7CD}.Debug|Any CPU.Build.0 = Debug|Any CPU
		{F8C94EA7-B173-4FFA-94B8-2B69AD6BE7CD}.Release|Any CPU.ActiveCfg = Release|Any CPU
		{F8C94EA7-B173-4FFA-94B8-2B69AD6BE7CD}.Release|Any CPU.Build.0 = Release|Any CPU
	EndGlobalSection
	GlobalSection(SolutionProperties) = preSolution
		HideSolutionNode = FALSE
	EndGlobalSection
	GlobalSection(NestedProjects) = preSolution
		{22781B88-7BD4-4A97-B67D-3854AFBF6452} = {A6C8E01B-8688-4D61-AACF-E045B9BC68C6}
		{17322A2E-E311-41BD-9070-6146842A46C3} = {1FBDE8AA-3FC4-4A9F-A373-87883894B4DF}
		{1898784A-99B2-4226-8C33-689EA6558CFA} = {1FBDE8AA-3FC4-4A9F-A373-87883894B4DF}
		{E307C223-9021-45BE-A261-DAF43F31B354} = {0C7DBB41-D410-47F4-9457-A30932FF94F2}
		{2CCD1317-B13C-4372-B14F-CE7128103F5C} = {1FBDE8AA-3FC4-4A9F-A373-87883894B4DF}
		{0B922294-6A3F-4232-A150-CAC6BFC7BCFD} = {1FBDE8AA-3FC4-4A9F-A373-87883894B4DF}
		{0F139102-92D0-4D11-8A18-49757609CCBF} = {1FBDE8AA-3FC4-4A9F-A373-87883894B4DF}
		{B4A2596A-5689-4EC9-BD01-0B2FF4453DAD} = {8BE1181E-82DB-40AA-AD97-55D179513F29}
		{3346DB20-5077-4FC8-93EE-E4A590BCC1D0} = {8BE1181E-82DB-40AA-AD97-55D179513F29}
		{7496B2C6-BD7E-44A9-9C33-02CD399F0DE0} = {1FBDE8AA-3FC4-4A9F-A373-87883894B4DF}
		{1C1D065E-D5E0-4024-89CB-B1F36F7D8422} = {994ADDCE-FC85-436E-8F9A-FCCE54BE307C}
		{9B9036F7-C547-43D3-B1EC-BB0C5965DC12} = {57DFE50F-32F3-47B6-83C6-499DFBFCB813}
		{EEDF1367-A0FC-400A-A649-716261252B9E} = {9E017085-A673-48B0-BBAC-27E3AE0621E3}
		{0188BE5C-BAFA-4FAC-B068-11DCF7CD918E} = {9E017085-A673-48B0-BBAC-27E3AE0621E3}
		{F21CB427-5DD9-41B2-A993-17CD8085535A} = {0C7DBB41-D410-47F4-9457-A30932FF94F2}
		{4117DC99-EA03-4B8F-A808-368FEAA3C5F2} = {0C7DBB41-D410-47F4-9457-A30932FF94F2}
		{82ED5F70-E1D9-456E-8686-C59306312726} = {57DFE50F-32F3-47B6-83C6-499DFBFCB813}
		{5B708E08-1F69-4FDE-9D99-AFA3784A49D7} = {021BF9C2-BF34-492B-88D5-192162B63FE4}
		{02949545-ACCB-4213-B9FB-17537B2C3AB5} = {1FBDE8AA-3FC4-4A9F-A373-87883894B4DF}
		{E923F702-C33B-4958-A9C9-C43542CCD6DB} = {A6C8E01B-8688-4D61-AACF-E045B9BC68C6}
		{2CA95C26-3EA5-4CEB-B27F-BD538814031D} = {A6C8E01B-8688-4D61-AACF-E045B9BC68C6}
		{CFA48312-8E02-43E4-8F17-92DC290CEC5B} = {A6C8E01B-8688-4D61-AACF-E045B9BC68C6}
		{F8C94EA7-B173-4FFA-94B8-2B69AD6BE7CD} = {A6C8E01B-8688-4D61-AACF-E045B9BC68C6}
	EndGlobalSection
EndGlobal
