
Microsoft Visual Studio Solution File, Format Version 12.00
# Visual Studio 14
VisualStudioVersion = 14.0.25420.1
MinimumVisualStudioVersion = 10.0.40219.1
Project("{2150E333-8FDC-42A3-9474-1A3956D46DE8}") = "servers", "servers", "{A6C8E01B-8688-4D61-AACF-E045B9BC68C6}"
EndProject
Project("{2150E333-8FDC-42A3-9474-1A3956D46DE8}") = "domain", "domain", "{021BF9C2-BF34-492B-88D5-192162B63FE4}"
EndProject
Project("{2150E333-8FDC-42A3-9474-1A3956D46DE8}") = "service", "service", "{1FBDE8AA-3FC4-4A9F-A373-87883894B4DF}"
EndProject
Project("{2150E333-8FDC-42A3-9474-1A3956D46DE8}") = "crosscut", "crosscut", "{0C7DBB41-D410-47F4-9457-A30932FF94F2}"
EndProject
Project("{2150E333-8FDC-42A3-9474-1A3956D46DE8}") = "test", "test", "{994ADDCE-FC85-436E-8F9A-FCCE54BE307C}"
EndProject
Project("{FAE04EC0-301F-11D3-BF4B-00C04F79EFBC}") = "xcal.service.repositories.concretes", "xcal.service.repositories.concretes\xcal.service.repositories.concretes.csproj", "{17322A2E-E311-41BD-9070-6146842A46C3}"
EndProject
Project("{FAE04EC0-301F-11D3-BF4B-00C04F79EFBC}") = "xcal.service.repositories.contracts", "xcal.service.repositories.contracts\xcal.service.repositories.contracts.csproj", "{1898784A-99B2-4226-8C33-689EA6558CFA}"
EndProject
Project("{FAE04EC0-301F-11D3-BF4B-00C04F79EFBC}") = "xcal.service.validators.concretes", "xcal.service.validators.concretes\xcal.service.validators.concretes.csproj", "{2CCD1317-B13C-4372-B14F-CE7128103F5C}"
EndProject
Project("{FAE04EC0-301F-11D3-BF4B-00C04F79EFBC}") = "xcal.service.interfaces.concretes", "xcal.service.interfaces.concretes\xcal.service.interfaces.concretes.csproj", "{0B922294-6A3F-4232-A150-CAC6BFC7BCFD}"
EndProject
Project("{FAE04EC0-301F-11D3-BF4B-00C04F79EFBC}") = "xcal.service.interfaces.contracts", "xcal.service.interfaces.contracts\xcal.service.interfaces.contracts.csproj", "{0F139102-92D0-4D11-8A18-49757609CCBF}"
EndProject
Project("{FAE04EC0-301F-11D3-BF4B-00C04F79EFBC}") = "xcal.domain", "xcal.domain\xcal.domain.csproj", "{5B708E08-1F69-4FDE-9D99-AFA3784A49D7}"
EndProject
Project("{FAE04EC0-301F-11D3-BF4B-00C04F79EFBC}") = "xcal.service.clients.concretes", "xcal.service.clients.concretes\xcal.service.clients.concretes.csproj", "{02949545-ACCB-4213-B9FB-17537B2C3AB5}"
EndProject
Project("{FAE04EC0-301F-11D3-BF4B-00C04F79EFBC}") = "xcal.service.plugins.formats.concretes", "xcal.service.plugins.formats.concretes\xcal.service.plugins.formats.concretes.csproj", "{7496B2C6-BD7E-44A9-9C33-02CD399F0DE0}"
EndProject
Project("{FAE04EC0-301F-11D3-BF4B-00C04F79EFBC}") = "xcal.servers.web.dev1", "xcal.servers.web.dev1\xcal.servers.web.dev1.csproj", "{E923F702-C33B-4958-A9C9-C43542CCD6DB}"
EndProject
Project("{FAE04EC0-301F-11D3-BF4B-00C04F79EFBC}") = "xcal.servers.web.dev2", "xcal.servers.web.dev2\xcal.servers.web.dev2.csproj", "{CFA48312-8E02-43E4-8F17-92DC290CEC5B}"
EndProject
Project("{FAE04EC0-301F-11D3-BF4B-00C04F79EFBC}") = "xcal.servers.web.local", "xcal.servers.web.local\xcal.servers.web.local.csproj", "{22781B88-7BD4-4A97-B67D-3854AFBF6452}"
EndProject
Project("{FAE04EC0-301F-11D3-BF4B-00C04F79EFBC}") = "xcal.servers.web.prod1", "xcal.servers.web.prod1\xcal.servers.web.prod1.csproj", "{2CA95C26-3EA5-4CEB-B27F-BD538814031D}"
EndProject
Project("{FAE04EC0-301F-11D3-BF4B-00C04F79EFBC}") = "xcal.service.operations.concretes", "xcal.service.operations.concretes\xcal.service.operations.concretes.csproj", "{BA751BD2-68A5-4E95-8DCC-B7FC98CC0DF6}"
EndProject
Project("{FAE04EC0-301F-11D3-BF4B-00C04F79EFBC}") = "xcal.tests.contracts", "xcal.tests.contracts\xcal.tests.contracts.csproj", "{1F6C2586-112B-4E92-97A6-B74568707070}"
EndProject
Project("{FAE04EC0-301F-11D3-BF4B-00C04F79EFBC}") = "xcal.tests.concretes", "xcal.tests.concretes\xcal.tests.concretes.csproj", "{D1DACBEF-EA12-490B-9AB2-498BE42B3FAA}"
EndProject
Project("{2150E333-8FDC-42A3-9474-1A3956D46DE8}") = "infrastructure", "infrastructure", "{49C067DA-19B7-4FEF-B502-65C894C19DAB}"
EndProject
Project("{FAE04EC0-301F-11D3-BF4B-00C04F79EFBC}") = "xcal.infrastructure", "xcal.infrastructure\xcal.infrastructure.csproj", "{4195E2AA-2B16-4A73-AFDA-B8A919000F2D}"
EndProject
Project("{2150E333-8FDC-42A3-9474-1A3956D46DE8}") = "02 - repositories", "02 - repositories", "{CB2767CF-68A9-4E33-90A3-42215A7B1D29}"
EndProject
Project("{2150E333-8FDC-42A3-9474-1A3956D46DE8}") = "03 - services", "03 - services", "{5335CCB8-3079-41F4-B9C3-BF657CB35A68}"
EndProject
Project("{2150E333-8FDC-42A3-9474-1A3956D46DE8}") = "02-01 - infrastructure", "02-01 - infrastructure", "{C51439BE-723D-43F8-9DF8-D2D186300A28}"
EndProject
Project("{2150E333-8FDC-42A3-9474-1A3956D46DE8}") = "02-03 - applications", "02-03 - applications", "{35147CF8-4F9F-462A-8B3B-CBD29A1D87C8}"
EndProject
Project("{2150E333-8FDC-42A3-9474-1A3956D46DE8}") = "02-04 - tests", "02-04 - tests", "{32DBBA27-3EB5-462E-A530-8A05BAD8596C}"
EndProject
Project("{2150E333-8FDC-42A3-9474-1A3956D46DE8}") = "obsolete", "obsolete", "{0997DD55-032E-4251-A7BC-580CE692849F}"
EndProject
Project("{FAE04EC0-301F-11D3-BF4B-00C04F79EFBC}") = "xcal.core.domain.contracts", "xcal.domain.models.contracts\xcal.core.domain.contracts.csproj", "{14F5DB14-0BA1-47D9-B5D0-E3B022750A80}"
EndProject
Project("{FAE04EC0-301F-11D3-BF4B-00C04F79EFBC}") = "xcal.core.domain.concretes", "xcal.domain.models.concretes\xcal.core.domain.concretes.csproj", "{959780D9-BC02-400F-BC36-9191B7C55020}"
EndProject
Project("{FAE04EC0-301F-11D3-BF4B-00C04F79EFBC}") = "xcal.core.repositories.contracts", "xcal.domain.repositories.contracts\xcal.core.repositories.contracts.csproj", "{ADF0BC24-0F88-4E26-8105-E21827B86274}"
EndProject
Project("{FAE04EC0-301F-11D3-BF4B-00C04F79EFBC}") = "xcal.core.services.contracts", "xcal.services.contracts\xcal.core.services.contracts.csproj", "{A54F76E2-E6FE-40D0-A674-6B4E515864F9}"
EndProject
Project("{2150E333-8FDC-42A3-9474-1A3956D46DE8}") = "02-02 - services", "02-02 - services", "{B70F161E-EDF6-4C36-9BA2-9D5D3C56027C}"
EndProject
Project("{2150E333-8FDC-42A3-9474-1A3956D46DE8}") = "01 - core", "01 - core", "{7A94DC9F-7B62-4169-98FB-3ADFAC523852}"
EndProject
Project("{2150E333-8FDC-42A3-9474-1A3956D46DE8}") = "01 - domain", "01 - domain", "{CA504B04-E630-474E-9F70-83B60B602C8E}"
EndProject
Project("{2150E333-8FDC-42A3-9474-1A3956D46DE8}") = "02-01 - repositories", "02-01 - repositories", "{8A8229D9-1E6A-43D6-8C8E-9B5424FEF68A}"
EndProject
Project("{2150E333-8FDC-42A3-9474-1A3956D46DE8}") = "02-02 - migration", "02-02 - migration", "{0470BC99-5CD2-4669-9976-DB0A53EAC212}"
EndProject
Project("{2150E333-8FDC-42A3-9474-1A3956D46DE8}") = "01 - snapshots", "01 - snapshots", "{22101900-88A5-45E9-BCDE-A1E9C8AF50DA}"
EndProject
Project("{2150E333-8FDC-42A3-9474-1A3956D46DE8}") = "02 - migrators", "02 - migrators", "{8A0E5B81-746D-446E-8542-02F77C3FFA29}"
EndProject
Project("{2150E333-8FDC-42A3-9474-1A3956D46DE8}") = "01-01 - io", "01-01 - io", "{9F1AC2D3-8E8F-4C84-9E7C-EDCB55926625}"
EndProject
Project("{2150E333-8FDC-42A3-9474-1A3956D46DE8}") = "01-02 - serialization", "01-02 - serialization", "{1FB360F1-B427-4ABE-AE8E-ADFBDAEEBE18}"
EndProject
Project("{2150E333-8FDC-42A3-9474-1A3956D46DE8}") = "03 - logging", "03 - logging", "{6A342555-4297-472D-A618-69C0DDA6FEE6}"
	ProjectSection(SolutionItems) = preProject
		xcal.crosscut.concretes\logging\tables.cs = xcal.crosscut.concretes\logging\tables.cs
	EndProjectSection
EndProject
Project("{2150E333-8FDC-42A3-9474-1A3956D46DE8}") = "04 - validation", "04 - validation", "{426B4862-36F0-4B18-9724-6AA4FA0578E0}"
EndProject
Project("{FAE04EC0-301F-11D3-BF4B-00C04F79EFBC}") = "xcal.infrastructure.io.concretes", "xcal.infrastructure.io.concretes\xcal.infrastructure.io.concretes.csproj", "{BD069E95-0998-4FCD-8F7A-3244DC2DFF12}"
EndProject
Project("{FAE04EC0-301F-11D3-BF4B-00C04F79EFBC}") = "xcal.infrastructure.serialization.concretes", "xcal.infrastructure.serialization.concretes\xcal.infrastructure.serialization.concretes.csproj", "{22FDE03E-A109-48D0-8010-5A9A19CE4770}"
EndProject
Project("{FAE04EC0-301F-11D3-BF4B-00C04F79EFBC}") = "xcal.infrastructure.repositories.concretes", "xcal.infrastructure.repositories\xcal.infrastructure.repositories.concretes.csproj", "{B6430F05-3666-4E0D-BD2D-BEB8631352BC}"
EndProject
Project("{2150E333-8FDC-42A3-9474-1A3956D46DE8}") = "03 - services", "03 - services", "{74586066-D407-4AC3-BBF1-DC4E9EAA1CEF}"
EndProject
Project("{FAE04EC0-301F-11D3-BF4B-00C04F79EFBC}") = "xcal.infrastructure.migration.snapshots.current", "xcal.infrastructure.migration.snapshots.current\xcal.infrastructure.migration.snapshots.current.csproj", "{E83D6ED6-3FF7-4098-97BA-32E2BA5E53C9}"
EndProject
Project("{FAE04EC0-301F-11D3-BF4B-00C04F79EFBC}") = "xcal.infrastructure.migration.services.contracts", "xcal.infrastructure.migration.services.contracts\xcal.infrastructure.migration.services.contracts.csproj", "{99F7294A-6AB1-485F-9BB7-A5FC2AE79BA2}"
EndProject
Project("{FAE04EC0-301F-11D3-BF4B-00C04F79EFBC}") = "xcal.infrastructure.migration.migrators.contracts", "xcal.infrastructure.migration.migrators.contracts\xcal.infrastructure.migration.migrators.contracts.csproj", "{BA4C77BC-7C32-4184-ABCD-AD32CC588AFE}"
EndProject
Project("{FAE04EC0-301F-11D3-BF4B-00C04F79EFBC}") = "xcal.infrastructure.migration.services.concretes", "xcal.infrastructure.migration.services.concretes\xcal.infrastructure.migration.services.concretes.csproj", "{D4D7234A-2A21-4A3E-BD2D-354F542EB509}"
EndProject
Project("{2150E333-8FDC-42A3-9474-1A3956D46DE8}") = "01 - unit", "01 - unit", "{CAA08175-B909-4089-9917-8137E9BEEDCB}"
EndProject
Project("{2150E333-8FDC-42A3-9474-1A3956D46DE8}") = "02 - integration", "02 - integration", "{D99CCC60-179D-438D-A526-DD6A0D992E89}"
EndProject
Project("{2150E333-8FDC-42A3-9474-1A3956D46DE8}") = "01- servers", "01- servers", "{BB11F4E0-4B65-408E-A491-911F53719E23}"
EndProject
Project("{2150E333-8FDC-42A3-9474-1A3956D46DE8}") = "02 - clients", "02 - clients", "{497A2ECE-0A7F-4DFC-8EEF-C76C1664AE1A}"
EndProject
Project("{2150E333-8FDC-42A3-9474-1A3956D46DE8}") = "01-01 - web", "01-01 - web", "{1C81B9F2-4A54-4CB8-9AE7-37BB3F72AE23}"
EndProject
Project("{2150E333-8FDC-42A3-9474-1A3956D46DE8}") = "01-02 - standalone", "01-02 - standalone", "{86C7735E-A2FE-4814-8CEB-2EAFCD4F49E4}"
EndProject
Global
	GlobalSection(SolutionConfigurationPlatforms) = preSolution
		Debug|Any CPU = Debug|Any CPU
		Debug|Mixed Platforms = Debug|Mixed Platforms
		Debug|x86 = Debug|x86
		Release|Any CPU = Release|Any CPU
		Release|Mixed Platforms = Release|Mixed Platforms
		Release|x86 = Release|x86
	EndGlobalSection
	GlobalSection(ProjectConfigurationPlatforms) = postSolution
		{17322A2E-E311-41BD-9070-6146842A46C3}.Debug|Any CPU.ActiveCfg = Debug|Any CPU
		{17322A2E-E311-41BD-9070-6146842A46C3}.Debug|Any CPU.Build.0 = Debug|Any CPU
		{17322A2E-E311-41BD-9070-6146842A46C3}.Debug|Mixed Platforms.ActiveCfg = Debug|Any CPU
		{17322A2E-E311-41BD-9070-6146842A46C3}.Debug|x86.ActiveCfg = Debug|Any CPU
		{17322A2E-E311-41BD-9070-6146842A46C3}.Release|Any CPU.ActiveCfg = Release|Any CPU
		{17322A2E-E311-41BD-9070-6146842A46C3}.Release|Any CPU.Build.0 = Release|Any CPU
		{17322A2E-E311-41BD-9070-6146842A46C3}.Release|Mixed Platforms.ActiveCfg = Release|Any CPU
		{17322A2E-E311-41BD-9070-6146842A46C3}.Release|x86.ActiveCfg = Release|Any CPU
		{1898784A-99B2-4226-8C33-689EA6558CFA}.Debug|Any CPU.ActiveCfg = Debug|Any CPU
		{1898784A-99B2-4226-8C33-689EA6558CFA}.Debug|Any CPU.Build.0 = Debug|Any CPU
		{1898784A-99B2-4226-8C33-689EA6558CFA}.Debug|Mixed Platforms.ActiveCfg = Debug|Any CPU
		{1898784A-99B2-4226-8C33-689EA6558CFA}.Debug|x86.ActiveCfg = Debug|Any CPU
		{1898784A-99B2-4226-8C33-689EA6558CFA}.Release|Any CPU.ActiveCfg = Release|Any CPU
		{1898784A-99B2-4226-8C33-689EA6558CFA}.Release|Any CPU.Build.0 = Release|Any CPU
		{1898784A-99B2-4226-8C33-689EA6558CFA}.Release|Mixed Platforms.ActiveCfg = Release|Any CPU
		{1898784A-99B2-4226-8C33-689EA6558CFA}.Release|x86.ActiveCfg = Release|Any CPU
		{2CCD1317-B13C-4372-B14F-CE7128103F5C}.Debug|Any CPU.ActiveCfg = Debug|Any CPU
		{2CCD1317-B13C-4372-B14F-CE7128103F5C}.Debug|Any CPU.Build.0 = Debug|Any CPU
		{2CCD1317-B13C-4372-B14F-CE7128103F5C}.Debug|Mixed Platforms.ActiveCfg = Debug|Any CPU
		{2CCD1317-B13C-4372-B14F-CE7128103F5C}.Debug|x86.ActiveCfg = Debug|Any CPU
		{2CCD1317-B13C-4372-B14F-CE7128103F5C}.Release|Any CPU.ActiveCfg = Release|Any CPU
		{2CCD1317-B13C-4372-B14F-CE7128103F5C}.Release|Any CPU.Build.0 = Release|Any CPU
		{2CCD1317-B13C-4372-B14F-CE7128103F5C}.Release|Mixed Platforms.ActiveCfg = Release|Any CPU
		{2CCD1317-B13C-4372-B14F-CE7128103F5C}.Release|x86.ActiveCfg = Release|Any CPU
		{0B922294-6A3F-4232-A150-CAC6BFC7BCFD}.Debug|Any CPU.ActiveCfg = Debug|Any CPU
		{0B922294-6A3F-4232-A150-CAC6BFC7BCFD}.Debug|Any CPU.Build.0 = Debug|Any CPU
		{0B922294-6A3F-4232-A150-CAC6BFC7BCFD}.Debug|Mixed Platforms.ActiveCfg = Debug|Any CPU
		{0B922294-6A3F-4232-A150-CAC6BFC7BCFD}.Debug|x86.ActiveCfg = Debug|Any CPU
		{0B922294-6A3F-4232-A150-CAC6BFC7BCFD}.Release|Any CPU.ActiveCfg = Release|Any CPU
		{0B922294-6A3F-4232-A150-CAC6BFC7BCFD}.Release|Any CPU.Build.0 = Release|Any CPU
		{0B922294-6A3F-4232-A150-CAC6BFC7BCFD}.Release|Mixed Platforms.ActiveCfg = Release|Any CPU
		{0B922294-6A3F-4232-A150-CAC6BFC7BCFD}.Release|x86.ActiveCfg = Release|Any CPU
		{0F139102-92D0-4D11-8A18-49757609CCBF}.Debug|Any CPU.ActiveCfg = Debug|Any CPU
		{0F139102-92D0-4D11-8A18-49757609CCBF}.Debug|Any CPU.Build.0 = Debug|Any CPU
		{0F139102-92D0-4D11-8A18-49757609CCBF}.Debug|Mixed Platforms.ActiveCfg = Debug|Any CPU
		{0F139102-92D0-4D11-8A18-49757609CCBF}.Debug|x86.ActiveCfg = Debug|Any CPU
		{0F139102-92D0-4D11-8A18-49757609CCBF}.Release|Any CPU.ActiveCfg = Release|Any CPU
		{0F139102-92D0-4D11-8A18-49757609CCBF}.Release|Any CPU.Build.0 = Release|Any CPU
		{0F139102-92D0-4D11-8A18-49757609CCBF}.Release|Mixed Platforms.ActiveCfg = Release|Any CPU
		{0F139102-92D0-4D11-8A18-49757609CCBF}.Release|x86.ActiveCfg = Release|Any CPU
		{5B708E08-1F69-4FDE-9D99-AFA3784A49D7}.Debug|Any CPU.ActiveCfg = Debug|Any CPU
		{5B708E08-1F69-4FDE-9D99-AFA3784A49D7}.Debug|Any CPU.Build.0 = Debug|Any CPU
		{5B708E08-1F69-4FDE-9D99-AFA3784A49D7}.Debug|Mixed Platforms.ActiveCfg = Debug|Any CPU
		{5B708E08-1F69-4FDE-9D99-AFA3784A49D7}.Debug|x86.ActiveCfg = Debug|Any CPU
		{5B708E08-1F69-4FDE-9D99-AFA3784A49D7}.Release|Any CPU.ActiveCfg = Release|Any CPU
		{5B708E08-1F69-4FDE-9D99-AFA3784A49D7}.Release|Any CPU.Build.0 = Release|Any CPU
		{5B708E08-1F69-4FDE-9D99-AFA3784A49D7}.Release|Mixed Platforms.ActiveCfg = Release|Any CPU
		{5B708E08-1F69-4FDE-9D99-AFA3784A49D7}.Release|x86.ActiveCfg = Release|Any CPU
		{02949545-ACCB-4213-B9FB-17537B2C3AB5}.Debug|Any CPU.ActiveCfg = Debug|Any CPU
		{02949545-ACCB-4213-B9FB-17537B2C3AB5}.Debug|Any CPU.Build.0 = Debug|Any CPU
		{02949545-ACCB-4213-B9FB-17537B2C3AB5}.Debug|Mixed Platforms.ActiveCfg = Debug|Any CPU
		{02949545-ACCB-4213-B9FB-17537B2C3AB5}.Debug|x86.ActiveCfg = Debug|Any CPU
		{02949545-ACCB-4213-B9FB-17537B2C3AB5}.Release|Any CPU.ActiveCfg = Release|Any CPU
		{02949545-ACCB-4213-B9FB-17537B2C3AB5}.Release|Any CPU.Build.0 = Release|Any CPU
		{02949545-ACCB-4213-B9FB-17537B2C3AB5}.Release|Mixed Platforms.ActiveCfg = Release|Any CPU
		{02949545-ACCB-4213-B9FB-17537B2C3AB5}.Release|x86.ActiveCfg = Release|Any CPU
		{7496B2C6-BD7E-44A9-9C33-02CD399F0DE0}.Debug|Any CPU.ActiveCfg = Debug|Any CPU
		{7496B2C6-BD7E-44A9-9C33-02CD399F0DE0}.Debug|Any CPU.Build.0 = Debug|Any CPU
		{7496B2C6-BD7E-44A9-9C33-02CD399F0DE0}.Debug|Mixed Platforms.ActiveCfg = Debug|Any CPU
		{7496B2C6-BD7E-44A9-9C33-02CD399F0DE0}.Debug|x86.ActiveCfg = Debug|Any CPU
		{7496B2C6-BD7E-44A9-9C33-02CD399F0DE0}.Release|Any CPU.ActiveCfg = Release|Any CPU
		{7496B2C6-BD7E-44A9-9C33-02CD399F0DE0}.Release|Any CPU.Build.0 = Release|Any CPU
		{7496B2C6-BD7E-44A9-9C33-02CD399F0DE0}.Release|Mixed Platforms.ActiveCfg = Release|Any CPU
		{7496B2C6-BD7E-44A9-9C33-02CD399F0DE0}.Release|x86.ActiveCfg = Release|Any CPU
		{E923F702-C33B-4958-A9C9-C43542CCD6DB}.Debug|Any CPU.ActiveCfg = Debug|Any CPU
		{E923F702-C33B-4958-A9C9-C43542CCD6DB}.Debug|Any CPU.Build.0 = Debug|Any CPU
		{E923F702-C33B-4958-A9C9-C43542CCD6DB}.Debug|Mixed Platforms.ActiveCfg = Debug|Any CPU
		{E923F702-C33B-4958-A9C9-C43542CCD6DB}.Debug|x86.ActiveCfg = Debug|Any CPU
		{E923F702-C33B-4958-A9C9-C43542CCD6DB}.Release|Any CPU.ActiveCfg = Release|Any CPU
		{E923F702-C33B-4958-A9C9-C43542CCD6DB}.Release|Any CPU.Build.0 = Release|Any CPU
		{E923F702-C33B-4958-A9C9-C43542CCD6DB}.Release|Mixed Platforms.ActiveCfg = Release|Any CPU
		{E923F702-C33B-4958-A9C9-C43542CCD6DB}.Release|x86.ActiveCfg = Release|Any CPU
		{CFA48312-8E02-43E4-8F17-92DC290CEC5B}.Debug|Any CPU.ActiveCfg = Debug|Any CPU
		{CFA48312-8E02-43E4-8F17-92DC290CEC5B}.Debug|Any CPU.Build.0 = Debug|Any CPU
		{CFA48312-8E02-43E4-8F17-92DC290CEC5B}.Debug|Mixed Platforms.ActiveCfg = Debug|Any CPU
		{CFA48312-8E02-43E4-8F17-92DC290CEC5B}.Debug|x86.ActiveCfg = Debug|Any CPU
		{CFA48312-8E02-43E4-8F17-92DC290CEC5B}.Release|Any CPU.ActiveCfg = Release|Any CPU
		{CFA48312-8E02-43E4-8F17-92DC290CEC5B}.Release|Any CPU.Build.0 = Release|Any CPU
		{CFA48312-8E02-43E4-8F17-92DC290CEC5B}.Release|Mixed Platforms.ActiveCfg = Release|Any CPU
		{CFA48312-8E02-43E4-8F17-92DC290CEC5B}.Release|x86.ActiveCfg = Release|Any CPU
		{22781B88-7BD4-4A97-B67D-3854AFBF6452}.Debug|Any CPU.ActiveCfg = Debug|Any CPU
		{22781B88-7BD4-4A97-B67D-3854AFBF6452}.Debug|Any CPU.Build.0 = Debug|Any CPU
		{22781B88-7BD4-4A97-B67D-3854AFBF6452}.Debug|Mixed Platforms.ActiveCfg = Debug|Any CPU
		{22781B88-7BD4-4A97-B67D-3854AFBF6452}.Debug|x86.ActiveCfg = Debug|Any CPU
		{22781B88-7BD4-4A97-B67D-3854AFBF6452}.Release|Any CPU.ActiveCfg = Release|Any CPU
		{22781B88-7BD4-4A97-B67D-3854AFBF6452}.Release|Any CPU.Build.0 = Release|Any CPU
		{22781B88-7BD4-4A97-B67D-3854AFBF6452}.Release|Mixed Platforms.ActiveCfg = Release|Any CPU
		{22781B88-7BD4-4A97-B67D-3854AFBF6452}.Release|x86.ActiveCfg = Release|Any CPU
		{2CA95C26-3EA5-4CEB-B27F-BD538814031D}.Debug|Any CPU.ActiveCfg = Debug|Any CPU
		{2CA95C26-3EA5-4CEB-B27F-BD538814031D}.Debug|Any CPU.Build.0 = Debug|Any CPU
		{2CA95C26-3EA5-4CEB-B27F-BD538814031D}.Debug|Mixed Platforms.ActiveCfg = Debug|Any CPU
		{2CA95C26-3EA5-4CEB-B27F-BD538814031D}.Debug|x86.ActiveCfg = Debug|Any CPU
		{2CA95C26-3EA5-4CEB-B27F-BD538814031D}.Release|Any CPU.ActiveCfg = Release|Any CPU
		{2CA95C26-3EA5-4CEB-B27F-BD538814031D}.Release|Any CPU.Build.0 = Release|Any CPU
		{2CA95C26-3EA5-4CEB-B27F-BD538814031D}.Release|Mixed Platforms.ActiveCfg = Release|Any CPU
		{2CA95C26-3EA5-4CEB-B27F-BD538814031D}.Release|x86.ActiveCfg = Release|Any CPU
		{BA751BD2-68A5-4E95-8DCC-B7FC98CC0DF6}.Debug|Any CPU.ActiveCfg = Debug|Any CPU
		{BA751BD2-68A5-4E95-8DCC-B7FC98CC0DF6}.Debug|Any CPU.Build.0 = Debug|Any CPU
		{BA751BD2-68A5-4E95-8DCC-B7FC98CC0DF6}.Debug|Mixed Platforms.ActiveCfg = Debug|Any CPU
		{BA751BD2-68A5-4E95-8DCC-B7FC98CC0DF6}.Debug|x86.ActiveCfg = Debug|Any CPU
		{BA751BD2-68A5-4E95-8DCC-B7FC98CC0DF6}.Release|Any CPU.ActiveCfg = Release|Any CPU
		{BA751BD2-68A5-4E95-8DCC-B7FC98CC0DF6}.Release|Any CPU.Build.0 = Release|Any CPU
		{BA751BD2-68A5-4E95-8DCC-B7FC98CC0DF6}.Release|Mixed Platforms.ActiveCfg = Release|Any CPU
		{BA751BD2-68A5-4E95-8DCC-B7FC98CC0DF6}.Release|x86.ActiveCfg = Release|Any CPU
		{1F6C2586-112B-4E92-97A6-B74568707070}.Debug|Any CPU.ActiveCfg = Debug|Any CPU
		{1F6C2586-112B-4E92-97A6-B74568707070}.Debug|Any CPU.Build.0 = Debug|Any CPU
		{1F6C2586-112B-4E92-97A6-B74568707070}.Debug|Mixed Platforms.ActiveCfg = Debug|Any CPU
		{1F6C2586-112B-4E92-97A6-B74568707070}.Debug|x86.ActiveCfg = Debug|Any CPU
		{1F6C2586-112B-4E92-97A6-B74568707070}.Release|Any CPU.ActiveCfg = Release|Any CPU
		{1F6C2586-112B-4E92-97A6-B74568707070}.Release|Any CPU.Build.0 = Release|Any CPU
		{1F6C2586-112B-4E92-97A6-B74568707070}.Release|Mixed Platforms.ActiveCfg = Release|Any CPU
		{1F6C2586-112B-4E92-97A6-B74568707070}.Release|x86.ActiveCfg = Release|Any CPU
		{D1DACBEF-EA12-490B-9AB2-498BE42B3FAA}.Debug|Any CPU.ActiveCfg = Debug|Any CPU
		{D1DACBEF-EA12-490B-9AB2-498BE42B3FAA}.Debug|Any CPU.Build.0 = Debug|Any CPU
		{D1DACBEF-EA12-490B-9AB2-498BE42B3FAA}.Debug|Mixed Platforms.ActiveCfg = Debug|Any CPU
		{D1DACBEF-EA12-490B-9AB2-498BE42B3FAA}.Debug|x86.ActiveCfg = Debug|Any CPU
		{D1DACBEF-EA12-490B-9AB2-498BE42B3FAA}.Release|Any CPU.ActiveCfg = Release|Any CPU
		{D1DACBEF-EA12-490B-9AB2-498BE42B3FAA}.Release|Any CPU.Build.0 = Release|Any CPU
		{D1DACBEF-EA12-490B-9AB2-498BE42B3FAA}.Release|Mixed Platforms.ActiveCfg = Release|Any CPU
		{D1DACBEF-EA12-490B-9AB2-498BE42B3FAA}.Release|x86.ActiveCfg = Release|Any CPU
		{4195E2AA-2B16-4A73-AFDA-B8A919000F2D}.Debug|Any CPU.ActiveCfg = Debug|Any CPU
		{4195E2AA-2B16-4A73-AFDA-B8A919000F2D}.Debug|Any CPU.Build.0 = Debug|Any CPU
		{4195E2AA-2B16-4A73-AFDA-B8A919000F2D}.Debug|Mixed Platforms.ActiveCfg = Debug|Any CPU
		{4195E2AA-2B16-4A73-AFDA-B8A919000F2D}.Debug|Mixed Platforms.Build.0 = Debug|Any CPU
		{4195E2AA-2B16-4A73-AFDA-B8A919000F2D}.Debug|x86.ActiveCfg = Debug|Any CPU
		{4195E2AA-2B16-4A73-AFDA-B8A919000F2D}.Debug|x86.Build.0 = Debug|Any CPU
		{4195E2AA-2B16-4A73-AFDA-B8A919000F2D}.Release|Any CPU.ActiveCfg = Release|Any CPU
		{4195E2AA-2B16-4A73-AFDA-B8A919000F2D}.Release|Any CPU.Build.0 = Release|Any CPU
		{4195E2AA-2B16-4A73-AFDA-B8A919000F2D}.Release|Mixed Platforms.ActiveCfg = Release|Any CPU
		{4195E2AA-2B16-4A73-AFDA-B8A919000F2D}.Release|Mixed Platforms.Build.0 = Release|Any CPU
		{4195E2AA-2B16-4A73-AFDA-B8A919000F2D}.Release|x86.ActiveCfg = Release|Any CPU
		{4195E2AA-2B16-4A73-AFDA-B8A919000F2D}.Release|x86.Build.0 = Release|Any CPU
		{14F5DB14-0BA1-47D9-B5D0-E3B022750A80}.Debug|Any CPU.ActiveCfg = Debug|Any CPU
		{14F5DB14-0BA1-47D9-B5D0-E3B022750A80}.Debug|Any CPU.Build.0 = Debug|Any CPU
		{14F5DB14-0BA1-47D9-B5D0-E3B022750A80}.Debug|Mixed Platforms.ActiveCfg = Debug|Any CPU
		{14F5DB14-0BA1-47D9-B5D0-E3B022750A80}.Debug|Mixed Platforms.Build.0 = Debug|Any CPU
		{14F5DB14-0BA1-47D9-B5D0-E3B022750A80}.Debug|x86.ActiveCfg = Debug|Any CPU
		{14F5DB14-0BA1-47D9-B5D0-E3B022750A80}.Debug|x86.Build.0 = Debug|Any CPU
		{14F5DB14-0BA1-47D9-B5D0-E3B022750A80}.Release|Any CPU.ActiveCfg = Release|Any CPU
		{14F5DB14-0BA1-47D9-B5D0-E3B022750A80}.Release|Any CPU.Build.0 = Release|Any CPU
		{14F5DB14-0BA1-47D9-B5D0-E3B022750A80}.Release|Mixed Platforms.ActiveCfg = Release|Any CPU
		{14F5DB14-0BA1-47D9-B5D0-E3B022750A80}.Release|Mixed Platforms.Build.0 = Release|Any CPU
		{14F5DB14-0BA1-47D9-B5D0-E3B022750A80}.Release|x86.ActiveCfg = Release|Any CPU
		{14F5DB14-0BA1-47D9-B5D0-E3B022750A80}.Release|x86.Build.0 = Release|Any CPU
		{959780D9-BC02-400F-BC36-9191B7C55020}.Debug|Any CPU.ActiveCfg = Debug|Any CPU
		{959780D9-BC02-400F-BC36-9191B7C55020}.Debug|Any CPU.Build.0 = Debug|Any CPU
		{959780D9-BC02-400F-BC36-9191B7C55020}.Debug|Mixed Platforms.ActiveCfg = Debug|Any CPU
		{959780D9-BC02-400F-BC36-9191B7C55020}.Debug|Mixed Platforms.Build.0 = Debug|Any CPU
		{959780D9-BC02-400F-BC36-9191B7C55020}.Debug|x86.ActiveCfg = Debug|Any CPU
		{959780D9-BC02-400F-BC36-9191B7C55020}.Debug|x86.Build.0 = Debug|Any CPU
		{959780D9-BC02-400F-BC36-9191B7C55020}.Release|Any CPU.ActiveCfg = Release|Any CPU
		{959780D9-BC02-400F-BC36-9191B7C55020}.Release|Any CPU.Build.0 = Release|Any CPU
		{959780D9-BC02-400F-BC36-9191B7C55020}.Release|Mixed Platforms.ActiveCfg = Release|Any CPU
		{959780D9-BC02-400F-BC36-9191B7C55020}.Release|Mixed Platforms.Build.0 = Release|Any CPU
		{959780D9-BC02-400F-BC36-9191B7C55020}.Release|x86.ActiveCfg = Release|Any CPU
		{959780D9-BC02-400F-BC36-9191B7C55020}.Release|x86.Build.0 = Release|Any CPU
		{ADF0BC24-0F88-4E26-8105-E21827B86274}.Debug|Any CPU.ActiveCfg = Debug|Any CPU
		{ADF0BC24-0F88-4E26-8105-E21827B86274}.Debug|Any CPU.Build.0 = Debug|Any CPU
		{ADF0BC24-0F88-4E26-8105-E21827B86274}.Debug|Mixed Platforms.ActiveCfg = Debug|Any CPU
		{ADF0BC24-0F88-4E26-8105-E21827B86274}.Debug|Mixed Platforms.Build.0 = Debug|Any CPU
		{ADF0BC24-0F88-4E26-8105-E21827B86274}.Debug|x86.ActiveCfg = Debug|Any CPU
		{ADF0BC24-0F88-4E26-8105-E21827B86274}.Debug|x86.Build.0 = Debug|Any CPU
		{ADF0BC24-0F88-4E26-8105-E21827B86274}.Release|Any CPU.ActiveCfg = Release|Any CPU
		{ADF0BC24-0F88-4E26-8105-E21827B86274}.Release|Any CPU.Build.0 = Release|Any CPU
		{ADF0BC24-0F88-4E26-8105-E21827B86274}.Release|Mixed Platforms.ActiveCfg = Release|Any CPU
		{ADF0BC24-0F88-4E26-8105-E21827B86274}.Release|Mixed Platforms.Build.0 = Release|Any CPU
		{ADF0BC24-0F88-4E26-8105-E21827B86274}.Release|x86.ActiveCfg = Release|Any CPU
		{ADF0BC24-0F88-4E26-8105-E21827B86274}.Release|x86.Build.0 = Release|Any CPU
		{A54F76E2-E6FE-40D0-A674-6B4E515864F9}.Debug|Any CPU.ActiveCfg = Debug|Any CPU
		{A54F76E2-E6FE-40D0-A674-6B4E515864F9}.Debug|Any CPU.Build.0 = Debug|Any CPU
		{A54F76E2-E6FE-40D0-A674-6B4E515864F9}.Debug|Mixed Platforms.ActiveCfg = Debug|Any CPU
		{A54F76E2-E6FE-40D0-A674-6B4E515864F9}.Debug|Mixed Platforms.Build.0 = Debug|Any CPU
		{A54F76E2-E6FE-40D0-A674-6B4E515864F9}.Debug|x86.ActiveCfg = Debug|Any CPU
		{A54F76E2-E6FE-40D0-A674-6B4E515864F9}.Debug|x86.Build.0 = Debug|Any CPU
		{A54F76E2-E6FE-40D0-A674-6B4E515864F9}.Release|Any CPU.ActiveCfg = Release|Any CPU
		{A54F76E2-E6FE-40D0-A674-6B4E515864F9}.Release|Any CPU.Build.0 = Release|Any CPU
		{A54F76E2-E6FE-40D0-A674-6B4E515864F9}.Release|Mixed Platforms.ActiveCfg = Release|Any CPU
		{A54F76E2-E6FE-40D0-A674-6B4E515864F9}.Release|Mixed Platforms.Build.0 = Release|Any CPU
		{A54F76E2-E6FE-40D0-A674-6B4E515864F9}.Release|x86.ActiveCfg = Release|Any CPU
		{A54F76E2-E6FE-40D0-A674-6B4E515864F9}.Release|x86.Build.0 = Release|Any CPU
		{BD069E95-0998-4FCD-8F7A-3244DC2DFF12}.Debug|Any CPU.ActiveCfg = Debug|Any CPU
		{BD069E95-0998-4FCD-8F7A-3244DC2DFF12}.Debug|Any CPU.Build.0 = Debug|Any CPU
		{BD069E95-0998-4FCD-8F7A-3244DC2DFF12}.Debug|Mixed Platforms.ActiveCfg = Debug|Any CPU
		{BD069E95-0998-4FCD-8F7A-3244DC2DFF12}.Debug|Mixed Platforms.Build.0 = Debug|Any CPU
		{BD069E95-0998-4FCD-8F7A-3244DC2DFF12}.Debug|x86.ActiveCfg = Debug|Any CPU
		{BD069E95-0998-4FCD-8F7A-3244DC2DFF12}.Debug|x86.Build.0 = Debug|Any CPU
		{BD069E95-0998-4FCD-8F7A-3244DC2DFF12}.Release|Any CPU.ActiveCfg = Release|Any CPU
		{BD069E95-0998-4FCD-8F7A-3244DC2DFF12}.Release|Any CPU.Build.0 = Release|Any CPU
		{BD069E95-0998-4FCD-8F7A-3244DC2DFF12}.Release|Mixed Platforms.ActiveCfg = Release|Any CPU
		{BD069E95-0998-4FCD-8F7A-3244DC2DFF12}.Release|Mixed Platforms.Build.0 = Release|Any CPU
		{BD069E95-0998-4FCD-8F7A-3244DC2DFF12}.Release|x86.ActiveCfg = Release|Any CPU
		{BD069E95-0998-4FCD-8F7A-3244DC2DFF12}.Release|x86.Build.0 = Release|Any CPU
		{22FDE03E-A109-48D0-8010-5A9A19CE4770}.Debug|Any CPU.ActiveCfg = Debug|Any CPU
		{22FDE03E-A109-48D0-8010-5A9A19CE4770}.Debug|Any CPU.Build.0 = Debug|Any CPU
		{22FDE03E-A109-48D0-8010-5A9A19CE4770}.Debug|Mixed Platforms.ActiveCfg = Debug|Any CPU
		{22FDE03E-A109-48D0-8010-5A9A19CE4770}.Debug|Mixed Platforms.Build.0 = Debug|Any CPU
		{22FDE03E-A109-48D0-8010-5A9A19CE4770}.Debug|x86.ActiveCfg = Debug|Any CPU
		{22FDE03E-A109-48D0-8010-5A9A19CE4770}.Debug|x86.Build.0 = Debug|Any CPU
		{22FDE03E-A109-48D0-8010-5A9A19CE4770}.Release|Any CPU.ActiveCfg = Release|Any CPU
		{22FDE03E-A109-48D0-8010-5A9A19CE4770}.Release|Any CPU.Build.0 = Release|Any CPU
		{22FDE03E-A109-48D0-8010-5A9A19CE4770}.Release|Mixed Platforms.ActiveCfg = Release|Any CPU
		{22FDE03E-A109-48D0-8010-5A9A19CE4770}.Release|Mixed Platforms.Build.0 = Release|Any CPU
		{22FDE03E-A109-48D0-8010-5A9A19CE4770}.Release|x86.ActiveCfg = Release|Any CPU
		{22FDE03E-A109-48D0-8010-5A9A19CE4770}.Release|x86.Build.0 = Release|Any CPU
		{B6430F05-3666-4E0D-BD2D-BEB8631352BC}.Debug|Any CPU.ActiveCfg = Debug|Any CPU
		{B6430F05-3666-4E0D-BD2D-BEB8631352BC}.Debug|Any CPU.Build.0 = Debug|Any CPU
		{B6430F05-3666-4E0D-BD2D-BEB8631352BC}.Debug|Mixed Platforms.ActiveCfg = Debug|Any CPU
		{B6430F05-3666-4E0D-BD2D-BEB8631352BC}.Debug|Mixed Platforms.Build.0 = Debug|Any CPU
		{B6430F05-3666-4E0D-BD2D-BEB8631352BC}.Debug|x86.ActiveCfg = Debug|Any CPU
		{B6430F05-3666-4E0D-BD2D-BEB8631352BC}.Debug|x86.Build.0 = Debug|Any CPU
		{B6430F05-3666-4E0D-BD2D-BEB8631352BC}.Release|Any CPU.ActiveCfg = Release|Any CPU
		{B6430F05-3666-4E0D-BD2D-BEB8631352BC}.Release|Any CPU.Build.0 = Release|Any CPU
		{B6430F05-3666-4E0D-BD2D-BEB8631352BC}.Release|Mixed Platforms.ActiveCfg = Release|Any CPU
		{B6430F05-3666-4E0D-BD2D-BEB8631352BC}.Release|Mixed Platforms.Build.0 = Release|Any CPU
		{B6430F05-3666-4E0D-BD2D-BEB8631352BC}.Release|x86.ActiveCfg = Release|Any CPU
		{B6430F05-3666-4E0D-BD2D-BEB8631352BC}.Release|x86.Build.0 = Release|Any CPU
		{E83D6ED6-3FF7-4098-97BA-32E2BA5E53C9}.Debug|Any CPU.ActiveCfg = Debug|Any CPU
		{E83D6ED6-3FF7-4098-97BA-32E2BA5E53C9}.Debug|Any CPU.Build.0 = Debug|Any CPU
		{E83D6ED6-3FF7-4098-97BA-32E2BA5E53C9}.Debug|Mixed Platforms.ActiveCfg = Debug|Any CPU
		{E83D6ED6-3FF7-4098-97BA-32E2BA5E53C9}.Debug|Mixed Platforms.Build.0 = Debug|Any CPU
		{E83D6ED6-3FF7-4098-97BA-32E2BA5E53C9}.Debug|x86.ActiveCfg = Debug|Any CPU
		{E83D6ED6-3FF7-4098-97BA-32E2BA5E53C9}.Debug|x86.Build.0 = Debug|Any CPU
		{E83D6ED6-3FF7-4098-97BA-32E2BA5E53C9}.Release|Any CPU.ActiveCfg = Release|Any CPU
		{E83D6ED6-3FF7-4098-97BA-32E2BA5E53C9}.Release|Any CPU.Build.0 = Release|Any CPU
		{E83D6ED6-3FF7-4098-97BA-32E2BA5E53C9}.Release|Mixed Platforms.ActiveCfg = Release|Any CPU
		{E83D6ED6-3FF7-4098-97BA-32E2BA5E53C9}.Release|Mixed Platforms.Build.0 = Release|Any CPU
		{E83D6ED6-3FF7-4098-97BA-32E2BA5E53C9}.Release|x86.ActiveCfg = Release|Any CPU
		{E83D6ED6-3FF7-4098-97BA-32E2BA5E53C9}.Release|x86.Build.0 = Release|Any CPU
		{99F7294A-6AB1-485F-9BB7-A5FC2AE79BA2}.Debug|Any CPU.ActiveCfg = Debug|Any CPU
		{99F7294A-6AB1-485F-9BB7-A5FC2AE79BA2}.Debug|Any CPU.Build.0 = Debug|Any CPU
		{99F7294A-6AB1-485F-9BB7-A5FC2AE79BA2}.Debug|Mixed Platforms.ActiveCfg = Debug|Any CPU
		{99F7294A-6AB1-485F-9BB7-A5FC2AE79BA2}.Debug|Mixed Platforms.Build.0 = Debug|Any CPU
		{99F7294A-6AB1-485F-9BB7-A5FC2AE79BA2}.Debug|x86.ActiveCfg = Debug|Any CPU
		{99F7294A-6AB1-485F-9BB7-A5FC2AE79BA2}.Debug|x86.Build.0 = Debug|Any CPU
		{99F7294A-6AB1-485F-9BB7-A5FC2AE79BA2}.Release|Any CPU.ActiveCfg = Release|Any CPU
		{99F7294A-6AB1-485F-9BB7-A5FC2AE79BA2}.Release|Any CPU.Build.0 = Release|Any CPU
		{99F7294A-6AB1-485F-9BB7-A5FC2AE79BA2}.Release|Mixed Platforms.ActiveCfg = Release|Any CPU
		{99F7294A-6AB1-485F-9BB7-A5FC2AE79BA2}.Release|Mixed Platforms.Build.0 = Release|Any CPU
		{99F7294A-6AB1-485F-9BB7-A5FC2AE79BA2}.Release|x86.ActiveCfg = Release|Any CPU
		{99F7294A-6AB1-485F-9BB7-A5FC2AE79BA2}.Release|x86.Build.0 = Release|Any CPU
		{BA4C77BC-7C32-4184-ABCD-AD32CC588AFE}.Debug|Any CPU.ActiveCfg = Debug|Any CPU
		{BA4C77BC-7C32-4184-ABCD-AD32CC588AFE}.Debug|Any CPU.Build.0 = Debug|Any CPU
		{BA4C77BC-7C32-4184-ABCD-AD32CC588AFE}.Debug|Mixed Platforms.ActiveCfg = Debug|Any CPU
		{BA4C77BC-7C32-4184-ABCD-AD32CC588AFE}.Debug|Mixed Platforms.Build.0 = Debug|Any CPU
		{BA4C77BC-7C32-4184-ABCD-AD32CC588AFE}.Debug|x86.ActiveCfg = Debug|Any CPU
		{BA4C77BC-7C32-4184-ABCD-AD32CC588AFE}.Debug|x86.Build.0 = Debug|Any CPU
		{BA4C77BC-7C32-4184-ABCD-AD32CC588AFE}.Release|Any CPU.ActiveCfg = Release|Any CPU
		{BA4C77BC-7C32-4184-ABCD-AD32CC588AFE}.Release|Any CPU.Build.0 = Release|Any CPU
		{BA4C77BC-7C32-4184-ABCD-AD32CC588AFE}.Release|Mixed Platforms.ActiveCfg = Release|Any CPU
		{BA4C77BC-7C32-4184-ABCD-AD32CC588AFE}.Release|Mixed Platforms.Build.0 = Release|Any CPU
		{BA4C77BC-7C32-4184-ABCD-AD32CC588AFE}.Release|x86.ActiveCfg = Release|Any CPU
		{BA4C77BC-7C32-4184-ABCD-AD32CC588AFE}.Release|x86.Build.0 = Release|Any CPU
		{D4D7234A-2A21-4A3E-BD2D-354F542EB509}.Debug|Any CPU.ActiveCfg = Debug|Any CPU
		{D4D7234A-2A21-4A3E-BD2D-354F542EB509}.Debug|Any CPU.Build.0 = Debug|Any CPU
		{D4D7234A-2A21-4A3E-BD2D-354F542EB509}.Debug|Mixed Platforms.ActiveCfg = Debug|Any CPU
		{D4D7234A-2A21-4A3E-BD2D-354F542EB509}.Debug|Mixed Platforms.Build.0 = Debug|Any CPU
		{D4D7234A-2A21-4A3E-BD2D-354F542EB509}.Debug|x86.ActiveCfg = Debug|Any CPU
		{D4D7234A-2A21-4A3E-BD2D-354F542EB509}.Debug|x86.Build.0 = Debug|Any CPU
		{D4D7234A-2A21-4A3E-BD2D-354F542EB509}.Release|Any CPU.ActiveCfg = Release|Any CPU
		{D4D7234A-2A21-4A3E-BD2D-354F542EB509}.Release|Any CPU.Build.0 = Release|Any CPU
		{D4D7234A-2A21-4A3E-BD2D-354F542EB509}.Release|Mixed Platforms.ActiveCfg = Release|Any CPU
		{D4D7234A-2A21-4A3E-BD2D-354F542EB509}.Release|Mixed Platforms.Build.0 = Release|Any CPU
		{D4D7234A-2A21-4A3E-BD2D-354F542EB509}.Release|x86.ActiveCfg = Release|Any CPU
		{D4D7234A-2A21-4A3E-BD2D-354F542EB509}.Release|x86.Build.0 = Release|Any CPU
	EndGlobalSection
	GlobalSection(SolutionProperties) = preSolution
		HideSolutionNode = FALSE
	EndGlobalSection
	GlobalSection(NestedProjects) = preSolution
		{A6C8E01B-8688-4D61-AACF-E045B9BC68C6} = {0997DD55-032E-4251-A7BC-580CE692849F}
		{021BF9C2-BF34-492B-88D5-192162B63FE4} = {0997DD55-032E-4251-A7BC-580CE692849F}
		{1FBDE8AA-3FC4-4A9F-A373-87883894B4DF} = {0997DD55-032E-4251-A7BC-580CE692849F}
		{0C7DBB41-D410-47F4-9457-A30932FF94F2} = {0997DD55-032E-4251-A7BC-580CE692849F}
		{994ADDCE-FC85-436E-8F9A-FCCE54BE307C} = {0997DD55-032E-4251-A7BC-580CE692849F}
		{17322A2E-E311-41BD-9070-6146842A46C3} = {1FBDE8AA-3FC4-4A9F-A373-87883894B4DF}
		{1898784A-99B2-4226-8C33-689EA6558CFA} = {1FBDE8AA-3FC4-4A9F-A373-87883894B4DF}
		{2CCD1317-B13C-4372-B14F-CE7128103F5C} = {1FBDE8AA-3FC4-4A9F-A373-87883894B4DF}
		{0B922294-6A3F-4232-A150-CAC6BFC7BCFD} = {1FBDE8AA-3FC4-4A9F-A373-87883894B4DF}
		{0F139102-92D0-4D11-8A18-49757609CCBF} = {1FBDE8AA-3FC4-4A9F-A373-87883894B4DF}
		{5B708E08-1F69-4FDE-9D99-AFA3784A49D7} = {021BF9C2-BF34-492B-88D5-192162B63FE4}
		{02949545-ACCB-4213-B9FB-17537B2C3AB5} = {1FBDE8AA-3FC4-4A9F-A373-87883894B4DF}
		{7496B2C6-BD7E-44A9-9C33-02CD399F0DE0} = {1FBDE8AA-3FC4-4A9F-A373-87883894B4DF}
		{E923F702-C33B-4958-A9C9-C43542CCD6DB} = {A6C8E01B-8688-4D61-AACF-E045B9BC68C6}
		{CFA48312-8E02-43E4-8F17-92DC290CEC5B} = {A6C8E01B-8688-4D61-AACF-E045B9BC68C6}
		{22781B88-7BD4-4A97-B67D-3854AFBF6452} = {A6C8E01B-8688-4D61-AACF-E045B9BC68C6}
		{2CA95C26-3EA5-4CEB-B27F-BD538814031D} = {A6C8E01B-8688-4D61-AACF-E045B9BC68C6}
		{BA751BD2-68A5-4E95-8DCC-B7FC98CC0DF6} = {1FBDE8AA-3FC4-4A9F-A373-87883894B4DF}
		{1F6C2586-112B-4E92-97A6-B74568707070} = {994ADDCE-FC85-436E-8F9A-FCCE54BE307C}
		{D1DACBEF-EA12-490B-9AB2-498BE42B3FAA} = {994ADDCE-FC85-436E-8F9A-FCCE54BE307C}
		{49C067DA-19B7-4FEF-B502-65C894C19DAB} = {0997DD55-032E-4251-A7BC-580CE692849F}
		{4195E2AA-2B16-4A73-AFDA-B8A919000F2D} = {49C067DA-19B7-4FEF-B502-65C894C19DAB}
		{CB2767CF-68A9-4E33-90A3-42215A7B1D29} = {7A94DC9F-7B62-4169-98FB-3ADFAC523852}
		{5335CCB8-3079-41F4-B9C3-BF657CB35A68} = {7A94DC9F-7B62-4169-98FB-3ADFAC523852}
		{14F5DB14-0BA1-47D9-B5D0-E3B022750A80} = {CA504B04-E630-474E-9F70-83B60B602C8E}
		{959780D9-BC02-400F-BC36-9191B7C55020} = {CA504B04-E630-474E-9F70-83B60B602C8E}
		{ADF0BC24-0F88-4E26-8105-E21827B86274} = {CB2767CF-68A9-4E33-90A3-42215A7B1D29}
		{A54F76E2-E6FE-40D0-A674-6B4E515864F9} = {5335CCB8-3079-41F4-B9C3-BF657CB35A68}
		{CA504B04-E630-474E-9F70-83B60B602C8E} = {7A94DC9F-7B62-4169-98FB-3ADFAC523852}
		{8A8229D9-1E6A-43D6-8C8E-9B5424FEF68A} = {C51439BE-723D-43F8-9DF8-D2D186300A28}
		{0470BC99-5CD2-4669-9976-DB0A53EAC212} = {C51439BE-723D-43F8-9DF8-D2D186300A28}
		{22101900-88A5-45E9-BCDE-A1E9C8AF50DA} = {0470BC99-5CD2-4669-9976-DB0A53EAC212}
		{8A0E5B81-746D-446E-8542-02F77C3FFA29} = {0470BC99-5CD2-4669-9976-DB0A53EAC212}
		{9F1AC2D3-8E8F-4C84-9E7C-EDCB55926625} = {C51439BE-723D-43F8-9DF8-D2D186300A28}
		{1FB360F1-B427-4ABE-AE8E-ADFBDAEEBE18} = {C51439BE-723D-43F8-9DF8-D2D186300A28}
		{6A342555-4297-472D-A618-69C0DDA6FEE6} = {C51439BE-723D-43F8-9DF8-D2D186300A28}
		{426B4862-36F0-4B18-9724-6AA4FA0578E0} = {C51439BE-723D-43F8-9DF8-D2D186300A28}
		{BD069E95-0998-4FCD-8F7A-3244DC2DFF12} = {9F1AC2D3-8E8F-4C84-9E7C-EDCB55926625}
		{22FDE03E-A109-48D0-8010-5A9A19CE4770} = {1FB360F1-B427-4ABE-AE8E-ADFBDAEEBE18}
		{B6430F05-3666-4E0D-BD2D-BEB8631352BC} = {8A8229D9-1E6A-43D6-8C8E-9B5424FEF68A}
		{74586066-D407-4AC3-BBF1-DC4E9EAA1CEF} = {0470BC99-5CD2-4669-9976-DB0A53EAC212}
		{E83D6ED6-3FF7-4098-97BA-32E2BA5E53C9} = {22101900-88A5-45E9-BCDE-A1E9C8AF50DA}
		{99F7294A-6AB1-485F-9BB7-A5FC2AE79BA2} = {74586066-D407-4AC3-BBF1-DC4E9EAA1CEF}
		{BA4C77BC-7C32-4184-ABCD-AD32CC588AFE} = {8A0E5B81-746D-446E-8542-02F77C3FFA29}
		{D4D7234A-2A21-4A3E-BD2D-354F542EB509} = {74586066-D407-4AC3-BBF1-DC4E9EAA1CEF}
		{CAA08175-B909-4089-9917-8137E9BEEDCB} = {32DBBA27-3EB5-462E-A530-8A05BAD8596C}
		{D99CCC60-179D-438D-A526-DD6A0D992E89} = {32DBBA27-3EB5-462E-A530-8A05BAD8596C}
		{BB11F4E0-4B65-408E-A491-911F53719E23} = {35147CF8-4F9F-462A-8B3B-CBD29A1D87C8}
		{497A2ECE-0A7F-4DFC-8EEF-C76C1664AE1A} = {35147CF8-4F9F-462A-8B3B-CBD29A1D87C8}
		{1C81B9F2-4A54-4CB8-9AE7-37BB3F72AE23} = {BB11F4E0-4B65-408E-A491-911F53719E23}
		{86C7735E-A2FE-4814-8CEB-2EAFCD4F49E4} = {BB11F4E0-4B65-408E-A491-911F53719E23}
	EndGlobalSection
	GlobalSection(CodealikeProperties) = postSolution
		SolutionGuid = 1352b368-b41e-43bd-abe6-2b78282795b3
	EndGlobalSection
EndGlobal
